
Microsoft Visual Studio Solution File, Format Version 12.00
# Visual Studio Version 16
VisualStudioVersion = 16.0.32126.315
MinimumVisualStudioVersion = 10.0.40219.1
Project("{9A19103F-16F7-4668-BE54-9A1E7A4F7556}") = "TicaretApp.Mvc", "TicaretApp.Mvc\TicaretApp.Mvc.csproj", "{0096EAC2-E768-4800-A307-DA6BBF9536D4}"
EndProject
Project("{9A19103F-16F7-4668-BE54-9A1E7A4F7556}") = "TicaretApp.Entity", "TicaretApp.Entity\TicaretApp.Entity.csproj", "{C788752B-066B-4538-BE25-8F1EA8BA1EE1}"
EndProject
Project("{9A19103F-16F7-4668-BE54-9A1E7A4F7556}") = "TicaretApp.Shared", "TicaretApp.Shared\TicaretApp.Shared.csproj", "{DE1962F8-F61B-4AAF-98FC-6EBDC7C7DBD5}"
EndProject
Project("{9A19103F-16F7-4668-BE54-9A1E7A4F7556}") = "TicaretApp.Data", "TicaretApp.Data\TicaretApp.Data.csproj", "{4B9FE10D-030C-4A9D-A567-05AFA14AD8CB}"
EndProject
Project("{FAE04EC0-301F-11D3-BF4B-00C04F79EFBC}") = "TicaretApp.Services", "TicaretApp.Services\TicaretApp.Services.csproj", "{62783F41-04D7-4CBC-BD81-8F0A580BC98C}"
EndProject
Global
	GlobalSection(SolutionConfigurationPlatforms) = preSolution
		Debug|Any CPU = Debug|Any CPU
		Release|Any CPU = Release|Any CPU
	EndGlobalSection
	GlobalSection(ProjectConfigurationPlatforms) = postSolution
		{0096EAC2-E768-4800-A307-DA6BBF9536D4}.Debug|Any CPU.ActiveCfg = Debug|Any CPU
		{0096EAC2-E768-4800-A307-DA6BBF9536D4}.Debug|Any CPU.Build.0 = Debug|Any CPU
		{0096EAC2-E768-4800-A307-DA6BBF9536D4}.Release|Any CPU.ActiveCfg = Release|Any CPU
		{0096EAC2-E768-4800-A307-DA6BBF9536D4}.Release|Any CPU.Build.0 = Release|Any CPU
		{C788752B-066B-4538-BE25-8F1EA8BA1EE1}.Debug|Any CPU.ActiveCfg = Debug|Any CPU
		{C788752B-066B-4538-BE25-8F1EA8BA1EE1}.Debug|Any CPU.Build.0 = Debug|Any CPU
		{C788752B-066B-4538-BE25-8F1EA8BA1EE1}.Release|Any CPU.ActiveCfg = Release|Any CPU
		{C788752B-066B-4538-BE25-8F1EA8BA1EE1}.Release|Any CPU.Build.0 = Release|Any CPU
		{DE1962F8-F61B-4AAF-98FC-6EBDC7C7DBD5}.Debug|Any CPU.ActiveCfg = Debug|Any CPU
		{DE1962F8-F61B-4AAF-98FC-6EBDC7C7DBD5}.Debug|Any CPU.Build.0 = Debug|Any CPU
		{DE1962F8-F61B-4AAF-98FC-6EBDC7C7DBD5}.Release|Any CPU.ActiveCfg = Release|Any CPU
		{DE1962F8-F61B-4AAF-98FC-6EBDC7C7DBD5}.Release|Any CPU.Build.0 = Release|Any CPU
		{4B9FE10D-030C-4A9D-A567-05AFA14AD8CB}.Debug|Any CPU.ActiveCfg = Debug|Any CPU
		{4B9FE10D-030C-4A9D-A567-05AFA14AD8CB}.Debug|Any CPU.Build.0 = Debug|Any CPU
		{4B9FE10D-030C-4A9D-A567-05AFA14AD8CB}.Release|Any CPU.ActiveCfg = Release|Any CPU
		{4B9FE10D-030C-4A9D-A567-05AFA14AD8CB}.Release|Any CPU.Build.0 = Release|Any CPU
		{62783F41-04D7-4CBC-BD81-8F0A580BC98C}.Debug|Any CPU.ActiveCfg = Debug|Any CPU
		{62783F41-04D7-4CBC-BD81-8F0A580BC98C}.Debug|Any CPU.Build.0 = Debug|Any CPU
		{62783F41-04D7-4CBC-BD81-8F0A580BC98C}.Release|Any CPU.ActiveCfg = Release|Any CPU
		{62783F41-04D7-4CBC-BD81-8F0A580BC98C}.Release|Any CPU.Build.0 = Release|Any CPU
	EndGlobalSection
	GlobalSection(SolutionProperties) = preSolution
		HideSolutionNode = FALSE
	EndGlobalSection
	GlobalSection(ExtensibilityGlobals) = postSolution
		SolutionGuid = {B9190FA9-E5FC-43BD-ACF5-CDB730E7C0F6}
	EndGlobalSection
EndGlobal
